// !$*UTF8*$!
{
	archiveVersion = 1;
	classes = {
	};
	objectVersion = 55;
	objects = {

/* Begin PBXBuildFile section */
		2301D9D72AF5941D004D8860 /* OnboardingView.swift in Sources */ = {isa = PBXBuildFile; fileRef = 2301D9D62AF5941D004D8860 /* OnboardingView.swift */; };
		2301D9D92AF9622E004D8860 /* RevenueCat in Frameworks */ = {isa = PBXBuildFile; productRef = 2301D9D82AF9622E004D8860 /* RevenueCat */; };
		2301D9DB2AF9622E004D8860 /* RevenueCatUI in Frameworks */ = {isa = PBXBuildFile; productRef = 2301D9DA2AF9622E004D8860 /* RevenueCatUI */; };
		2301D9DD2AF96832004D8860 /* Blur.swift in Sources */ = {isa = PBXBuildFile; fileRef = 2301D9DC2AF96832004D8860 /* Blur.swift */; };
		2301DA1C2B06DBB8004D8860 /* ConfettiSwiftUI in Frameworks */ = {isa = PBXBuildFile; productRef = 2301DA1B2B06DBB8004D8860 /* ConfettiSwiftUI */; };
		230884BD2A3A3A5900E95426 /* StoreKit.framework in Frameworks */ = {isa = PBXBuildFile; fileRef = 230884BC2A3A3A5900E95426 /* StoreKit.framework */; };
		23118BB12A3A3D8A00995685 /* Paywall.swift in Sources */ = {isa = PBXBuildFile; fileRef = 23118BB02A3A3D8A00995685 /* Paywall.swift */; };
		233788E82A465C3B0043C17F /* UserViewModel.swift in Sources */ = {isa = PBXBuildFile; fileRef = 233788E72A465C3B0043C17F /* UserViewModel.swift */; };
		23385D4A28C195C900A58851 /* PRTrackerModel.xcdatamodeld in Sources */ = {isa = PBXBuildFile; fileRef = 23385D4828C195C900A58851 /* PRTrackerModel.xcdatamodeld */; };
		233E308B28485C5C00483134 /* AddWeightView.swift in Sources */ = {isa = PBXBuildFile; fileRef = 233E308A28485C5C00483134 /* AddWeightView.swift */; };
		234CFA1E288A4B87007BC5FB /* PreviewLayoutComponentModifier.swift in Sources */ = {isa = PBXBuildFile; fileRef = 234CFA1D288A4B87007BC5FB /* PreviewLayoutComponentModifier.swift */; };
		2366F44328D3AC8D00391656 /* WorkoutViewModel.swift in Sources */ = {isa = PBXBuildFile; fileRef = 2366F44228D3AC8D00391656 /* WorkoutViewModel.swift */; };
		2366F44528D3AD2300391656 /* WeightViewModel.swift in Sources */ = {isa = PBXBuildFile; fileRef = 2366F44428D3AD2300391656 /* WeightViewModel.swift */; };
		2366F44728D3B17C00391656 /* CoreDataManager.swift in Sources */ = {isa = PBXBuildFile; fileRef = 2366F44628D3B17C00391656 /* CoreDataManager.swift */; };
		2366F44928E0867E00391656 /* WeightsList.swift in Sources */ = {isa = PBXBuildFile; fileRef = 2366F44828E0867E00391656 /* WeightsList.swift */; };
		2366F44B28E099E800391656 /* KeyboardDismiss.swift in Sources */ = {isa = PBXBuildFile; fileRef = 2366F44A28E099E800391656 /* KeyboardDismiss.swift */; };
		2373C1BD2AEEE5A80037C229 /* EditWeightView.swift in Sources */ = {isa = PBXBuildFile; fileRef = 2373C1BC2AEEE5A80037C229 /* EditWeightView.swift */; };
		2384000A2AF0989900BB70BA /* CloudKit.framework in Frameworks */ = {isa = PBXBuildFile; fileRef = 238400082AEF1BC300BB70BA /* CloudKit.framework */; };
		2395AE5A2A5CE50600176218 /* ArrayDifference.swift in Sources */ = {isa = PBXBuildFile; fileRef = 2395AE592A5CE50600176218 /* ArrayDifference.swift */; };
		2395AE762A68496000176218 /* WeightCard.swift in Sources */ = {isa = PBXBuildFile; fileRef = 2395AE752A68496000176218 /* WeightCard.swift */; };
		2395AE782A698C8E00176218 /* AddGoalCard.swift in Sources */ = {isa = PBXBuildFile; fileRef = 2395AE772A698C8E00176218 /* AddGoalCard.swift */; };
		23A9C8D628372FDF00C724BF /* PRTrackerApp.swift in Sources */ = {isa = PBXBuildFile; fileRef = 23A9C8C628372FDE00C724BF /* PRTrackerApp.swift */; };
		23A9C8D828372FDF00C724BF /* ContentView.swift in Sources */ = {isa = PBXBuildFile; fileRef = 23A9C8C728372FDE00C724BF /* ContentView.swift */; };
		23A9C8DA28372FDF00C724BF /* Assets.xcassets in Resources */ = {isa = PBXBuildFile; fileRef = 23A9C8C828372FDF00C724BF /* Assets.xcassets */; };
		23B9932929CE16D2001503FD /* HealthKitViewModel.swift in Sources */ = {isa = PBXBuildFile; fileRef = 2326071A29CE0C00005630AD /* HealthKitViewModel.swift */; };
		23B9932A29CE16D3001503FD /* HealthKitStore.swift in Sources */ = {isa = PBXBuildFile; fileRef = 2326071929CD456C005630AD /* HealthKitStore.swift */; };
		23BCBFB72A1C30AD005CE235 /* TestHealthKitStore.swift in Sources */ = {isa = PBXBuildFile; fileRef = 23BCBFB62A1C30AD005CE235 /* TestHealthKitStore.swift */; };
		23D8F5E128A7309C003511D4 /* Home.swift in Sources */ = {isa = PBXBuildFile; fileRef = 23D8F5E028A7309C003511D4 /* Home.swift */; };
		23D8F5E328A7310C003511D4 /* AnimatedChart.swift in Sources */ = {isa = PBXBuildFile; fileRef = 23D8F5E228A7310C003511D4 /* AnimatedChart.swift */; };
		23F4E27B290A23A600BED6D0 /* SettingsView.swift in Sources */ = {isa = PBXBuildFile; fileRef = 23F4E27A290A23A600BED6D0 /* SettingsView.swift */; };
		23F4E2A1290EB2E100BED6D0 /* PickerComponent.swift in Sources */ = {isa = PBXBuildFile; fileRef = 23F4E2A0290EB2E100BED6D0 /* PickerComponent.swift */; };
		23F5FF602A3A401A0070CB23 /* RevenueCat in Frameworks */ = {isa = PBXBuildFile; productRef = 23F5FF5F2A3A401A0070CB23 /* RevenueCat */; };
		23F5FF632A3A58FD0070CB23 /* Extensions.swift in Sources */ = {isa = PBXBuildFile; fileRef = 23F5FF622A3A58FD0070CB23 /* Extensions.swift */; };
		23F5FF652A3A610B0070CB23 /* PremiumCard.swift in Sources */ = {isa = PBXBuildFile; fileRef = 23F5FF642A3A610B0070CB23 /* PremiumCard.swift */; };
/* End PBXBuildFile section */

/* Begin PBXFileReference section */
		2301D9D62AF5941D004D8860 /* OnboardingView.swift */ = {isa = PBXFileReference; lastKnownFileType = sourcecode.swift; path = OnboardingView.swift; sourceTree = "<group>"; };
		2301D9DC2AF96832004D8860 /* Blur.swift */ = {isa = PBXFileReference; lastKnownFileType = sourcecode.swift; path = Blur.swift; sourceTree = "<group>"; };
		230884BC2A3A3A5900E95426 /* StoreKit.framework */ = {isa = PBXFileReference; lastKnownFileType = wrapper.framework; name = StoreKit.framework; path = Platforms/iPhoneOS.platform/Developer/SDKs/iPhoneOS16.4.sdk/System/Library/Frameworks/StoreKit.framework; sourceTree = DEVELOPER_DIR; };
		23118BB02A3A3D8A00995685 /* Paywall.swift */ = {isa = PBXFileReference; lastKnownFileType = sourcecode.swift; path = Paywall.swift; sourceTree = "<group>"; };
		2326071929CD456C005630AD /* HealthKitStore.swift */ = {isa = PBXFileReference; lastKnownFileType = sourcecode.swift; path = HealthKitStore.swift; sourceTree = "<group>"; };
		2326071A29CE0C00005630AD /* HealthKitViewModel.swift */ = {isa = PBXFileReference; lastKnownFileType = sourcecode.swift; path = HealthKitViewModel.swift; sourceTree = "<group>"; };
		233788E72A465C3B0043C17F /* UserViewModel.swift */ = {isa = PBXFileReference; lastKnownFileType = sourcecode.swift; path = UserViewModel.swift; sourceTree = "<group>"; };
		23385D4928C195C900A58851 /* Weights.xcdatamodel */ = {isa = PBXFileReference; lastKnownFileType = wrapper.xcdatamodel; path = Weights.xcdatamodel; sourceTree = "<group>"; };
		233E308A28485C5C00483134 /* AddWeightView.swift */ = {isa = PBXFileReference; lastKnownFileType = sourcecode.swift; path = AddWeightView.swift; sourceTree = "<group>"; };
		234CFA1D288A4B87007BC5FB /* PreviewLayoutComponentModifier.swift */ = {isa = PBXFileReference; lastKnownFileType = sourcecode.swift; path = PreviewLayoutComponentModifier.swift; sourceTree = "<group>"; };
		2366F44228D3AC8D00391656 /* WorkoutViewModel.swift */ = {isa = PBXFileReference; lastKnownFileType = sourcecode.swift; path = WorkoutViewModel.swift; sourceTree = "<group>"; };
		2366F44428D3AD2300391656 /* WeightViewModel.swift */ = {isa = PBXFileReference; lastKnownFileType = sourcecode.swift; path = WeightViewModel.swift; sourceTree = "<group>"; };
		2366F44628D3B17C00391656 /* CoreDataManager.swift */ = {isa = PBXFileReference; lastKnownFileType = sourcecode.swift; path = CoreDataManager.swift; sourceTree = "<group>"; };
		2366F44828E0867E00391656 /* WeightsList.swift */ = {isa = PBXFileReference; lastKnownFileType = sourcecode.swift; path = WeightsList.swift; sourceTree = "<group>"; };
		2366F44A28E099E800391656 /* KeyboardDismiss.swift */ = {isa = PBXFileReference; lastKnownFileType = sourcecode.swift; path = KeyboardDismiss.swift; sourceTree = "<group>"; };
		2373C1BC2AEEE5A80037C229 /* EditWeightView.swift */ = {isa = PBXFileReference; lastKnownFileType = sourcecode.swift; path = EditWeightView.swift; sourceTree = "<group>"; };
		238400082AEF1BC300BB70BA /* CloudKit.framework */ = {isa = PBXFileReference; lastKnownFileType = wrapper.framework; name = CloudKit.framework; path = Platforms/iPhoneOS.platform/Developer/SDKs/iPhoneOS17.0.sdk/System/Library/Frameworks/CloudKit.framework; sourceTree = DEVELOPER_DIR; };
		2395AE592A5CE50600176218 /* ArrayDifference.swift */ = {isa = PBXFileReference; lastKnownFileType = sourcecode.swift; path = ArrayDifference.swift; sourceTree = "<group>"; };
		2395AE752A68496000176218 /* WeightCard.swift */ = {isa = PBXFileReference; lastKnownFileType = sourcecode.swift; path = WeightCard.swift; sourceTree = "<group>"; };
		2395AE772A698C8E00176218 /* AddGoalCard.swift */ = {isa = PBXFileReference; lastKnownFileType = sourcecode.swift; path = AddGoalCard.swift; sourceTree = "<group>"; };
		23A9C8C628372FDE00C724BF /* PRTrackerApp.swift */ = {isa = PBXFileReference; lastKnownFileType = sourcecode.swift; path = PRTrackerApp.swift; sourceTree = "<group>"; };
		23A9C8C728372FDE00C724BF /* ContentView.swift */ = {isa = PBXFileReference; lastKnownFileType = sourcecode.swift; path = ContentView.swift; sourceTree = "<group>"; };
		23A9C8C828372FDF00C724BF /* Assets.xcassets */ = {isa = PBXFileReference; lastKnownFileType = folder.assetcatalog; path = Assets.xcassets; sourceTree = "<group>"; };
		23A9C8CD28372FDF00C724BF /* PRTracker.app */ = {isa = PBXFileReference; explicitFileType = wrapper.application; includeInIndex = 0; path = PRTracker.app; sourceTree = BUILT_PRODUCTS_DIR; };
		23A9C8D528372FDF00C724BF /* macOS.entitlements */ = {isa = PBXFileReference; lastKnownFileType = text.plist.entitlements; path = macOS.entitlements; sourceTree = "<group>"; };
		23B291942900C93100254AD3 /* PRTracker (iOS).entitlements */ = {isa = PBXFileReference; lastKnownFileType = text.plist.entitlements; path = "PRTracker (iOS).entitlements"; sourceTree = "<group>"; };
		23B291952900CEA300254AD3 /* PRTracker--iOS--Info.plist */ = {isa = PBXFileReference; lastKnownFileType = text.plist; path = "PRTracker--iOS--Info.plist"; sourceTree = "<group>"; };
		23BCBFB62A1C30AD005CE235 /* TestHealthKitStore.swift */ = {isa = PBXFileReference; lastKnownFileType = sourcecode.swift; path = TestHealthKitStore.swift; sourceTree = "<group>"; };
		23D8F5E028A7309C003511D4 /* Home.swift */ = {isa = PBXFileReference; lastKnownFileType = sourcecode.swift; path = Home.swift; sourceTree = "<group>"; };
		23D8F5E228A7310C003511D4 /* AnimatedChart.swift */ = {isa = PBXFileReference; lastKnownFileType = sourcecode.swift; path = AnimatedChart.swift; sourceTree = "<group>"; };
		23F4E27A290A23A600BED6D0 /* SettingsView.swift */ = {isa = PBXFileReference; lastKnownFileType = sourcecode.swift; path = SettingsView.swift; sourceTree = "<group>"; };
		23F4E2A0290EB2E100BED6D0 /* PickerComponent.swift */ = {isa = PBXFileReference; lastKnownFileType = sourcecode.swift; path = PickerComponent.swift; sourceTree = "<group>"; };
		23F5FF622A3A58FD0070CB23 /* Extensions.swift */ = {isa = PBXFileReference; lastKnownFileType = sourcecode.swift; path = Extensions.swift; sourceTree = "<group>"; };
		23F5FF642A3A610B0070CB23 /* PremiumCard.swift */ = {isa = PBXFileReference; lastKnownFileType = sourcecode.swift; path = PremiumCard.swift; sourceTree = "<group>"; };
/* End PBXFileReference section */

/* Begin PBXFrameworksBuildPhase section */
		23A9C8CA28372FDF00C724BF /* Frameworks */ = {
			isa = PBXFrameworksBuildPhase;
			buildActionMask = 2147483647;
			files = (
				2301DA1C2B06DBB8004D8860 /* ConfettiSwiftUI in Frameworks */,
				2301D9D92AF9622E004D8860 /* RevenueCat in Frameworks */,
				2384000A2AF0989900BB70BA /* CloudKit.framework in Frameworks */,
				23F5FF602A3A401A0070CB23 /* RevenueCat in Frameworks */,
				2301D9DB2AF9622E004D8860 /* RevenueCatUI in Frameworks */,
				230884BD2A3A3A5900E95426 /* StoreKit.framework in Frameworks */,
			);
			runOnlyForDeploymentPostprocessing = 0;
		};
/* End PBXFrameworksBuildPhase section */

/* Begin PBXGroup section */
		230884BB2A3A3A5900E95426 /* Frameworks */ = {
			isa = PBXGroup;
			children = (
				238400082AEF1BC300BB70BA /* CloudKit.framework */,
				230884BC2A3A3A5900E95426 /* StoreKit.framework */,
			);
			name = Frameworks;
			sourceTree = "<group>";
		};
		23A9C8C028372FDE00C724BF = {
			isa = PBXGroup;
			children = (
				23B291952900CEA300254AD3 /* PRTracker--iOS--Info.plist */,
				23B291942900C93100254AD3 /* PRTracker (iOS).entitlements */,
				23A9C8C528372FDE00C724BF /* Shared */,
				23A9C8D428372FDF00C724BF /* macOS */,
				23A9C8CE28372FDF00C724BF /* Products */,
				230884BB2A3A3A5900E95426 /* Frameworks */,
			);
			sourceTree = "<group>";
		};
		23A9C8C528372FDE00C724BF /* Shared */ = {
			isa = PBXGroup;
			children = (
				23F5FF6A2A43795F0070CB23 /* View */,
				23F5FF682A4379200070CB23 /* HealthKit */,
				23F5FF672A4379050070CB23 /* ViewModels */,
				23F5FF612A3A58C50070CB23 /* Helpers */,
				23A9C8C628372FDE00C724BF /* PRTrackerApp.swift */,
				23A9C8C828372FDF00C724BF /* Assets.xcassets */,
				23385D4828C195C900A58851 /* PRTrackerModel.xcdatamodeld */,
			);
			path = Shared;
			sourceTree = "<group>";
		};
		23A9C8CE28372FDF00C724BF /* Products */ = {
			isa = PBXGroup;
			children = (
				23A9C8CD28372FDF00C724BF /* PRTracker.app */,
			);
			name = Products;
			sourceTree = "<group>";
		};
		23A9C8D428372FDF00C724BF /* macOS */ = {
			isa = PBXGroup;
			children = (
				23A9C8D528372FDF00C724BF /* macOS.entitlements */,
			);
			path = macOS;
			sourceTree = "<group>";
		};
		23F5FF612A3A58C50070CB23 /* Helpers */ = {
			isa = PBXGroup;
			children = (
				2366F44A28E099E800391656 /* KeyboardDismiss.swift */,
				234CFA1D288A4B87007BC5FB /* PreviewLayoutComponentModifier.swift */,
				23F5FF622A3A58FD0070CB23 /* Extensions.swift */,
				2395AE592A5CE50600176218 /* ArrayDifference.swift */,
				2301D9DC2AF96832004D8860 /* Blur.swift */,
			);
			path = Helpers;
			sourceTree = "<group>";
		};
		23F5FF672A4379050070CB23 /* ViewModels */ = {
			isa = PBXGroup;
			children = (
				2366F44628D3B17C00391656 /* CoreDataManager.swift */,
				2326071A29CE0C00005630AD /* HealthKitViewModel.swift */,
				2366F44428D3AD2300391656 /* WeightViewModel.swift */,
				2366F44228D3AC8D00391656 /* WorkoutViewModel.swift */,
				233788E72A465C3B0043C17F /* UserViewModel.swift */,
			);
			path = ViewModels;
			sourceTree = "<group>";
		};
		23F5FF682A4379200070CB23 /* HealthKit */ = {
			isa = PBXGroup;
			children = (
				2326071929CD456C005630AD /* HealthKitStore.swift */,
				23BCBFB62A1C30AD005CE235 /* TestHealthKitStore.swift */,
			);
			path = HealthKit;
			sourceTree = "<group>";
		};
		23F5FF6A2A43795F0070CB23 /* View */ = {
			isa = PBXGroup;
			children = (
				23F5FF6B2A4379A00070CB23 /* Components */,
				23D8F5E028A7309C003511D4 /* Home.swift */,
				2366F44828E0867E00391656 /* WeightsList.swift */,
				23118BB02A3A3D8A00995685 /* Paywall.swift */,
				23A9C8C728372FDE00C724BF /* ContentView.swift */,
				2301D9D62AF5941D004D8860 /* OnboardingView.swift */,
				233E308A28485C5C00483134 /* AddWeightView.swift */,
				23F4E27A290A23A600BED6D0 /* SettingsView.swift */,
				2373C1BC2AEEE5A80037C229 /* EditWeightView.swift */,
			);
			path = View;
			sourceTree = "<group>";
		};
		23F5FF6B2A4379A00070CB23 /* Components */ = {
			isa = PBXGroup;
			children = (
				2395AE752A68496000176218 /* WeightCard.swift */,
				23F4E2A0290EB2E100BED6D0 /* PickerComponent.swift */,
				2395AE772A698C8E00176218 /* AddGoalCard.swift */,
				23D8F5E228A7310C003511D4 /* AnimatedChart.swift */,
				23F5FF642A3A610B0070CB23 /* PremiumCard.swift */,
			);
			path = Components;
			sourceTree = "<group>";
		};
/* End PBXGroup section */

/* Begin PBXNativeTarget section */
		23A9C8CC28372FDF00C724BF /* PRTracker (iOS) */ = {
			isa = PBXNativeTarget;
			buildConfigurationList = 23A9C8DE28372FDF00C724BF /* Build configuration list for PBXNativeTarget "PRTracker (iOS)" */;
			buildPhases = (
				23A9C8C928372FDF00C724BF /* Sources */,
				23A9C8CA28372FDF00C724BF /* Frameworks */,
				23A9C8CB28372FDF00C724BF /* Resources */,
			);
			buildRules = (
			);
			dependencies = (
			);
			name = "PRTracker (iOS)";
			packageProductDependencies = (
				23F5FF5F2A3A401A0070CB23 /* RevenueCat */,
				2301D9D82AF9622E004D8860 /* RevenueCat */,
				2301D9DA2AF9622E004D8860 /* RevenueCatUI */,
				2301DA1B2B06DBB8004D8860 /* ConfettiSwiftUI */,
			);
			productName = "PRTracker (iOS)";
			productReference = 23A9C8CD28372FDF00C724BF /* PRTracker.app */;
			productType = "com.apple.product-type.application";
		};
/* End PBXNativeTarget section */

/* Begin PBXProject section */
		23A9C8C128372FDE00C724BF /* Project object */ = {
			isa = PBXProject;
			attributes = {
				BuildIndependentTargetsInParallel = 1;
				LastSwiftUpdateCheck = 1340;
				LastUpgradeCheck = 1500;
				TargetAttributes = {
					23A9C8CC28372FDF00C724BF = {
						CreatedOnToolsVersion = 13.4;
					};
				};
			};
			buildConfigurationList = 23A9C8C428372FDE00C724BF /* Build configuration list for PBXProject "PRTracker" */;
			compatibilityVersion = "Xcode 13.0";
			developmentRegion = en;
			hasScannedForEncodings = 0;
			knownRegions = (
				en,
				Base,
			);
			mainGroup = 23A9C8C028372FDE00C724BF;
			packageReferences = (
				23F5FF5E2A3A401A0070CB23 /* XCRemoteSwiftPackageReference "purchases-ios" */,
				2301DA1A2B06DBB8004D8860 /* XCRemoteSwiftPackageReference "ConfettiSwiftUI" */,
			);
			productRefGroup = 23A9C8CE28372FDF00C724BF /* Products */;
			projectDirPath = "";
			projectRoot = "";
			targets = (
				23A9C8CC28372FDF00C724BF /* PRTracker (iOS) */,
			);
		};
/* End PBXProject section */

/* Begin PBXResourcesBuildPhase section */
		23A9C8CB28372FDF00C724BF /* Resources */ = {
			isa = PBXResourcesBuildPhase;
			buildActionMask = 2147483647;
			files = (
				23A9C8DA28372FDF00C724BF /* Assets.xcassets in Resources */,
			);
			runOnlyForDeploymentPostprocessing = 0;
		};
/* End PBXResourcesBuildPhase section */

/* Begin PBXSourcesBuildPhase section */
		23A9C8C928372FDF00C724BF /* Sources */ = {
			isa = PBXSourcesBuildPhase;
			buildActionMask = 2147483647;
			files = (
				23D8F5E328A7310C003511D4 /* AnimatedChart.swift in Sources */,
				233788E82A465C3B0043C17F /* UserViewModel.swift in Sources */,
				23BCBFB72A1C30AD005CE235 /* TestHealthKitStore.swift in Sources */,
				23118BB12A3A3D8A00995685 /* Paywall.swift in Sources */,
				23A9C8D828372FDF00C724BF /* ContentView.swift in Sources */,
				23F5FF652A3A610B0070CB23 /* PremiumCard.swift in Sources */,
				2301D9DD2AF96832004D8860 /* Blur.swift in Sources */,
				2395AE762A68496000176218 /* WeightCard.swift in Sources */,
				23D8F5E128A7309C003511D4 /* Home.swift in Sources */,
				233E308B28485C5C00483134 /* AddWeightView.swift in Sources */,
				2366F44328D3AC8D00391656 /* WorkoutViewModel.swift in Sources */,
				2395AE5A2A5CE50600176218 /* ArrayDifference.swift in Sources */,
				2301D9D72AF5941D004D8860 /* OnboardingView.swift in Sources */,
				2366F44728D3B17C00391656 /* CoreDataManager.swift in Sources */,
				23F4E27B290A23A600BED6D0 /* SettingsView.swift in Sources */,
				2366F44928E0867E00391656 /* WeightsList.swift in Sources */,
				234CFA1E288A4B87007BC5FB /* PreviewLayoutComponentModifier.swift in Sources */,
				23B9932A29CE16D3001503FD /* HealthKitStore.swift in Sources */,
				2395AE782A698C8E00176218 /* AddGoalCard.swift in Sources */,
				2373C1BD2AEEE5A80037C229 /* EditWeightView.swift in Sources */,
				2366F44528D3AD2300391656 /* WeightViewModel.swift in Sources */,
				23A9C8D628372FDF00C724BF /* PRTrackerApp.swift in Sources */,
				23F5FF632A3A58FD0070CB23 /* Extensions.swift in Sources */,
				2366F44B28E099E800391656 /* KeyboardDismiss.swift in Sources */,
				23B9932929CE16D2001503FD /* HealthKitViewModel.swift in Sources */,
				23F4E2A1290EB2E100BED6D0 /* PickerComponent.swift in Sources */,
				23385D4A28C195C900A58851 /* PRTrackerModel.xcdatamodeld in Sources */,
			);
			runOnlyForDeploymentPostprocessing = 0;
		};
/* End PBXSourcesBuildPhase section */

/* Begin XCBuildConfiguration section */
		23A9C8DC28372FDF00C724BF /* Debug */ = {
			isa = XCBuildConfiguration;
			buildSettings = {
				ALWAYS_SEARCH_USER_PATHS = NO;
				CLANG_ANALYZER_NONNULL = YES;
				CLANG_ANALYZER_NUMBER_OBJECT_CONVERSION = YES_AGGRESSIVE;
				CLANG_CXX_LANGUAGE_STANDARD = "gnu++17";
				CLANG_ENABLE_MODULES = YES;
				CLANG_ENABLE_OBJC_ARC = YES;
				CLANG_ENABLE_OBJC_WEAK = YES;
				CLANG_WARN_BLOCK_CAPTURE_AUTORELEASING = YES;
				CLANG_WARN_BOOL_CONVERSION = YES;
				CLANG_WARN_COMMA = YES;
				CLANG_WARN_CONSTANT_CONVERSION = YES;
				CLANG_WARN_DEPRECATED_OBJC_IMPLEMENTATIONS = YES;
				CLANG_WARN_DIRECT_OBJC_ISA_USAGE = YES_ERROR;
				CLANG_WARN_DOCUMENTATION_COMMENTS = YES;
				CLANG_WARN_EMPTY_BODY = YES;
				CLANG_WARN_ENUM_CONVERSION = YES;
				CLANG_WARN_INFINITE_RECURSION = YES;
				CLANG_WARN_INT_CONVERSION = YES;
				CLANG_WARN_NON_LITERAL_NULL_CONVERSION = YES;
				CLANG_WARN_OBJC_IMPLICIT_RETAIN_SELF = YES;
				CLANG_WARN_OBJC_LITERAL_CONVERSION = YES;
				CLANG_WARN_OBJC_ROOT_CLASS = YES_ERROR;
				CLANG_WARN_QUOTED_INCLUDE_IN_FRAMEWORK_HEADER = YES;
				CLANG_WARN_RANGE_LOOP_ANALYSIS = YES;
				CLANG_WARN_STRICT_PROTOTYPES = YES;
				CLANG_WARN_SUSPICIOUS_MOVE = YES;
				CLANG_WARN_UNGUARDED_AVAILABILITY = YES_AGGRESSIVE;
				CLANG_WARN_UNREACHABLE_CODE = YES;
				CLANG_WARN__DUPLICATE_METHOD_MATCH = YES;
				COPY_PHASE_STRIP = NO;
				DEAD_CODE_STRIPPING = YES;
				DEBUG_INFORMATION_FORMAT = dwarf;
				ENABLE_STRICT_OBJC_MSGSEND = YES;
				ENABLE_TESTABILITY = YES;
				ENABLE_USER_SCRIPT_SANDBOXING = YES;
				GCC_C_LANGUAGE_STANDARD = gnu11;
				GCC_DYNAMIC_NO_PIC = NO;
				GCC_NO_COMMON_BLOCKS = YES;
				GCC_OPTIMIZATION_LEVEL = 0;
				GCC_PREPROCESSOR_DEFINITIONS = (
					"DEBUG=1",
					"$(inherited)",
				);
				GCC_WARN_64_TO_32_BIT_CONVERSION = YES;
				GCC_WARN_ABOUT_RETURN_TYPE = YES_ERROR;
				GCC_WARN_UNDECLARED_SELECTOR = YES;
				GCC_WARN_UNINITIALIZED_AUTOS = YES_AGGRESSIVE;
				GCC_WARN_UNUSED_FUNCTION = YES;
				GCC_WARN_UNUSED_VARIABLE = YES;
				IPHONEOS_DEPLOYMENT_TARGET = 16.0;
				MACOSX_DEPLOYMENT_TARGET = 13.0;
				MTL_ENABLE_DEBUG_INFO = INCLUDE_SOURCE;
				MTL_FAST_MATH = YES;
				ONLY_ACTIVE_ARCH = YES;
				SWIFT_ACTIVE_COMPILATION_CONDITIONS = DEBUG;
				SWIFT_OPTIMIZATION_LEVEL = "-Onone";
			};
			name = Debug;
		};
		23A9C8DD28372FDF00C724BF /* Release */ = {
			isa = XCBuildConfiguration;
			buildSettings = {
				ALWAYS_SEARCH_USER_PATHS = NO;
				CLANG_ANALYZER_NONNULL = YES;
				CLANG_ANALYZER_NUMBER_OBJECT_CONVERSION = YES_AGGRESSIVE;
				CLANG_CXX_LANGUAGE_STANDARD = "gnu++17";
				CLANG_ENABLE_MODULES = YES;
				CLANG_ENABLE_OBJC_ARC = YES;
				CLANG_ENABLE_OBJC_WEAK = YES;
				CLANG_WARN_BLOCK_CAPTURE_AUTORELEASING = YES;
				CLANG_WARN_BOOL_CONVERSION = YES;
				CLANG_WARN_COMMA = YES;
				CLANG_WARN_CONSTANT_CONVERSION = YES;
				CLANG_WARN_DEPRECATED_OBJC_IMPLEMENTATIONS = YES;
				CLANG_WARN_DIRECT_OBJC_ISA_USAGE = YES_ERROR;
				CLANG_WARN_DOCUMENTATION_COMMENTS = YES;
				CLANG_WARN_EMPTY_BODY = YES;
				CLANG_WARN_ENUM_CONVERSION = YES;
				CLANG_WARN_INFINITE_RECURSION = YES;
				CLANG_WARN_INT_CONVERSION = YES;
				CLANG_WARN_NON_LITERAL_NULL_CONVERSION = YES;
				CLANG_WARN_OBJC_IMPLICIT_RETAIN_SELF = YES;
				CLANG_WARN_OBJC_LITERAL_CONVERSION = YES;
				CLANG_WARN_OBJC_ROOT_CLASS = YES_ERROR;
				CLANG_WARN_QUOTED_INCLUDE_IN_FRAMEWORK_HEADER = YES;
				CLANG_WARN_RANGE_LOOP_ANALYSIS = YES;
				CLANG_WARN_STRICT_PROTOTYPES = YES;
				CLANG_WARN_SUSPICIOUS_MOVE = YES;
				CLANG_WARN_UNGUARDED_AVAILABILITY = YES_AGGRESSIVE;
				CLANG_WARN_UNREACHABLE_CODE = YES;
				CLANG_WARN__DUPLICATE_METHOD_MATCH = YES;
				COPY_PHASE_STRIP = NO;
				DEAD_CODE_STRIPPING = YES;
				DEBUG_INFORMATION_FORMAT = "dwarf-with-dsym";
				ENABLE_NS_ASSERTIONS = NO;
				ENABLE_STRICT_OBJC_MSGSEND = YES;
				ENABLE_USER_SCRIPT_SANDBOXING = YES;
				GCC_C_LANGUAGE_STANDARD = gnu11;
				GCC_NO_COMMON_BLOCKS = YES;
				GCC_WARN_64_TO_32_BIT_CONVERSION = YES;
				GCC_WARN_ABOUT_RETURN_TYPE = YES_ERROR;
				GCC_WARN_UNDECLARED_SELECTOR = YES;
				GCC_WARN_UNINITIALIZED_AUTOS = YES_AGGRESSIVE;
				GCC_WARN_UNUSED_FUNCTION = YES;
				GCC_WARN_UNUSED_VARIABLE = YES;
				IPHONEOS_DEPLOYMENT_TARGET = 16.0;
				MACOSX_DEPLOYMENT_TARGET = 13.0;
				MTL_ENABLE_DEBUG_INFO = NO;
				MTL_FAST_MATH = YES;
				SWIFT_COMPILATION_MODE = wholemodule;
				SWIFT_OPTIMIZATION_LEVEL = "-O";
			};
			name = Release;
		};
		23A9C8DF28372FDF00C724BF /* Debug */ = {
			isa = XCBuildConfiguration;
			buildSettings = {
				ASSETCATALOG_COMPILER_APPICON_NAME = AppIcon;
				ASSETCATALOG_COMPILER_GLOBAL_ACCENT_COLOR_NAME = AccentColor;
				CODE_SIGN_ENTITLEMENTS = "PRTracker (iOS).entitlements";
				CODE_SIGN_STYLE = Automatic;
				CURRENT_PROJECT_VERSION = 2;
				DEVELOPMENT_TEAM = YFXZ6WNN53;
				ENABLE_PREVIEWS = YES;
				GENERATE_INFOPLIST_FILE = YES;
				INFOPLIST_FILE = "PRTracker--iOS--Info.plist";
				INFOPLIST_KEY_CFBundleDisplayName = "PR Tracker";
				INFOPLIST_KEY_NSHealthShareUsageDescription = "Allow this app to access your health data.";
				INFOPLIST_KEY_NSHealthUpdateUsageDescription = "Allow this app to write Health data";
				INFOPLIST_KEY_UIApplicationSceneManifest_Generation = YES;
				INFOPLIST_KEY_UIApplicationSupportsIndirectInputEvents = YES;
				INFOPLIST_KEY_UILaunchScreen_Generation = YES;
				INFOPLIST_KEY_UISupportedInterfaceOrientations = UIInterfaceOrientationPortrait;
				INFOPLIST_KEY_UISupportedInterfaceOrientations_iPad = "UIInterfaceOrientationLandscapeLeft UIInterfaceOrientationLandscapeRight UIInterfaceOrientationPortrait UIInterfaceOrientationPortraitUpsideDown";
				IPHONEOS_DEPLOYMENT_TARGET = 16.0;
				LD_RUNPATH_SEARCH_PATHS = (
					"$(inherited)",
					"@executable_path/Frameworks",
				);
				MARKETING_VERSION = 1.2.0;
				PRODUCT_BUNDLE_IDENTIFIER = co.brevinb.PRTracker;
				PRODUCT_NAME = PRTracker;
				SDKROOT = iphoneos;
				SWIFT_EMIT_LOC_STRINGS = YES;
				SWIFT_VERSION = 5.0;
				TARGETED_DEVICE_FAMILY = "1,2";
			};
			name = Debug;
		};
		23A9C8E028372FDF00C724BF /* Release */ = {
			isa = XCBuildConfiguration;
			buildSettings = {
				ASSETCATALOG_COMPILER_APPICON_NAME = AppIcon;
				ASSETCATALOG_COMPILER_GLOBAL_ACCENT_COLOR_NAME = AccentColor;
				CODE_SIGN_ENTITLEMENTS = "PRTracker (iOS).entitlements";
				CODE_SIGN_STYLE = Automatic;
				CURRENT_PROJECT_VERSION = 2;
				DEVELOPMENT_TEAM = YFXZ6WNN53;
				ENABLE_PREVIEWS = YES;
				GENERATE_INFOPLIST_FILE = YES;
				INFOPLIST_FILE = "PRTracker--iOS--Info.plist";
				INFOPLIST_KEY_CFBundleDisplayName = "PR Tracker";
				INFOPLIST_KEY_NSHealthShareUsageDescription = "Allow this app to access your health data.";
				INFOPLIST_KEY_NSHealthUpdateUsageDescription = "Allow this app to write Health data";
				INFOPLIST_KEY_UIApplicationSceneManifest_Generation = YES;
				INFOPLIST_KEY_UIApplicationSupportsIndirectInputEvents = YES;
				INFOPLIST_KEY_UILaunchScreen_Generation = YES;
				INFOPLIST_KEY_UISupportedInterfaceOrientations = UIInterfaceOrientationPortrait;
				INFOPLIST_KEY_UISupportedInterfaceOrientations_iPad = "UIInterfaceOrientationLandscapeLeft UIInterfaceOrientationLandscapeRight UIInterfaceOrientationPortrait UIInterfaceOrientationPortraitUpsideDown";
				IPHONEOS_DEPLOYMENT_TARGET = 16.0;
				LD_RUNPATH_SEARCH_PATHS = (
					"$(inherited)",
					"@executable_path/Frameworks",
				);
				MARKETING_VERSION = 1.2.0;
				PRODUCT_BUNDLE_IDENTIFIER = co.brevinb.PRTracker;
				PRODUCT_NAME = PRTracker;
				SDKROOT = iphoneos;
				SWIFT_EMIT_LOC_STRINGS = YES;
				SWIFT_VERSION = 5.0;
				TARGETED_DEVICE_FAMILY = "1,2";
				VALIDATE_PRODUCT = YES;
			};
			name = Release;
		};
/* End XCBuildConfiguration section */

/* Begin XCConfigurationList section */
		23A9C8C428372FDE00C724BF /* Build configuration list for PBXProject "PRTracker" */ = {
			isa = XCConfigurationList;
			buildConfigurations = (
				23A9C8DC28372FDF00C724BF /* Debug */,
				23A9C8DD28372FDF00C724BF /* Release */,
			);
			defaultConfigurationIsVisible = 0;
			defaultConfigurationName = Release;
		};
		23A9C8DE28372FDF00C724BF /* Build configuration list for PBXNativeTarget "PRTracker (iOS)" */ = {
			isa = XCConfigurationList;
			buildConfigurations = (
				23A9C8DF28372FDF00C724BF /* Debug */,
				23A9C8E028372FDF00C724BF /* Release */,
			);
			defaultConfigurationIsVisible = 0;
			defaultConfigurationName = Release;
		};
/* End XCConfigurationList section */

/* Begin XCRemoteSwiftPackageReference section */
		2301DA1A2B06DBB8004D8860 /* XCRemoteSwiftPackageReference "ConfettiSwiftUI" */ = {
			isa = XCRemoteSwiftPackageReference;
			repositoryURL = "https://github.com/simibac/ConfettiSwiftUI";
			requirement = {
				kind = upToNextMajorVersion;
				minimumVersion = 1.1.0;
			};
		};
		23F5FF5E2A3A401A0070CB23 /* XCRemoteSwiftPackageReference "purchases-ios" */ = {
			isa = XCRemoteSwiftPackageReference;
			repositoryURL = "https://github.com/RevenueCat/purchases-ios.git";
			requirement = {
				kind = upToNextMajorVersion;
				minimumVersion = 4.0.0;
			};
		};
/* End XCRemoteSwiftPackageReference section */

/* Begin XCSwiftPackageProductDependency section */
		2301D9D82AF9622E004D8860 /* RevenueCat */ = {
			isa = XCSwiftPackageProductDependency;
			package = 23F5FF5E2A3A401A0070CB23 /* XCRemoteSwiftPackageReference "purchases-ios" */;
			productName = RevenueCat;
		};
		2301D9DA2AF9622E004D8860 /* RevenueCatUI */ = {
			isa = XCSwiftPackageProductDependency;
			package = 23F5FF5E2A3A401A0070CB23 /* XCRemoteSwiftPackageReference "purchases-ios" */;
			productName = RevenueCatUI;
		};
		2301DA1B2B06DBB8004D8860 /* ConfettiSwiftUI */ = {
			isa = XCSwiftPackageProductDependency;
			package = 2301DA1A2B06DBB8004D8860 /* XCRemoteSwiftPackageReference "ConfettiSwiftUI" */;
			productName = ConfettiSwiftUI;
		};
		23F5FF5F2A3A401A0070CB23 /* RevenueCat */ = {
			isa = XCSwiftPackageProductDependency;
			package = 23F5FF5E2A3A401A0070CB23 /* XCRemoteSwiftPackageReference "purchases-ios" */;
			productName = RevenueCat;
		};
/* End XCSwiftPackageProductDependency section */

/* Begin XCVersionGroup section */
		23385D4828C195C900A58851 /* PRTrackerModel.xcdatamodeld */ = {
			isa = XCVersionGroup;
			children = (
				23385D4928C195C900A58851 /* Weights.xcdatamodel */,
			);
			currentVersion = 23385D4928C195C900A58851 /* Weights.xcdatamodel */;
			path = PRTrackerModel.xcdatamodeld;
			sourceTree = "<group>";
			versionGroupType = wrapper.xcdatamodel;
		};
/* End XCVersionGroup section */
	};
	rootObject = 23A9C8C128372FDE00C724BF /* Project object */;
}
