{
  "originHash" : "e4b86e39a2977c1a1405215563e4f6934564a0531f2999f16751cf5abe0c6c98",
  "pins" : [
    {
      "identity" : "confettiswiftui",
      "kind" : "remoteSourceControl",
      "location" : "https://github.com/simibac/ConfettiSwiftUI",
      "state" : {
        "revision" : "f45961f97bbae6fff6e2e64546fea0189425ad92",
        "version" : "1.1.0"
      }
    },
    {
      "identity" : "purchases-ios",
      "kind" : "remoteSourceControl",
      "location" : "https://github.com/RevenueCat/purchases-ios.git",
      "state" : {
        "revision" : "c87b95ff0c64024cdb894764c3a7f14d0a5eb559",
        "version" : "4.43.5"
      }
    },
    {
      "identity" : "wishkit-ios",
      "kind" : "remoteSourceControl",
      "location" : "https://github.com/wishkit/wishkit-ios.git",
      "state" : {
        "revision" : "951b17b6b683c72d36627de77e8e26afcfbde6ae",
        "version" : "4.7.0"
      }
    },
    {
      "identity" : "wishkit-ios-shared",
      "kind" : "remoteSourceControl",
      "location" : "https://github.com/wishkit/wishkit-ios-shared.git",
      "state" : {
        "revision" : "cd184932bcdbdc8766137ef8ecac63c424be93a7",
        "version" : "1.5.0"
      }
    }
  ],
  "version" : 3
}
